// !$*UTF8*$!
{
	archiveVersion = 1;
	classes = {
	};
	objectVersion = 46;
	objects = {

/* Begin PBXBuildFile section */
		840D61411CD27D25005E0E44 /* ReviewViewController.swift in Sources */ = {isa = PBXBuildFile; fileRef = 840D61401CD27D24005E0E44 /* ReviewViewController.swift */; };
		844D14AB1CCE281000E06DDA /* AppDelegate.swift in Sources */ = {isa = PBXBuildFile; fileRef = 844D14AA1CCE281000E06DDA /* AppDelegate.swift */; };
		844D14B01CCE281000E06DDA /* Main.storyboard in Resources */ = {isa = PBXBuildFile; fileRef = 844D14AE1CCE281000E06DDA /* Main.storyboard */; };
		844D14B21CCE281000E06DDA /* Assets.xcassets in Resources */ = {isa = PBXBuildFile; fileRef = 844D14B11CCE281000E06DDA /* Assets.xcassets */; };
		844D14B51CCE281000E06DDA /* LaunchScreen.storyboard in Resources */ = {isa = PBXBuildFile; fileRef = 844D14B31CCE281000E06DDA /* LaunchScreen.storyboard */; };
		844D14BD1CCE3D1F00E06DDA /* RestaurantTableViewController.swift in Sources */ = {isa = PBXBuildFile; fileRef = 844D14BC1CCE3D1F00E06DDA /* RestaurantTableViewController.swift */; };
		844D14BF1CCE50F200E06DDA /* RestaurantTableViewCell.swift in Sources */ = {isa = PBXBuildFile; fileRef = 844D14BE1CCE50F200E06DDA /* RestaurantTableViewCell.swift */; };
		84517FB41CD3A55700F00B55 /* MapKit.framework in Frameworks */ = {isa = PBXBuildFile; fileRef = 84517FB31CD3A55700F00B55 /* MapKit.framework */; };
		84517FB61CD3A95400F00B55 /* MapViewController.swift in Sources */ = {isa = PBXBuildFile; fileRef = 84517FB51CD3A95400F00B55 /* MapViewController.swift */; };
		84517FBB1CD3BCD700F00B55 /* AddRestaurantController.swift in Sources */ = {isa = PBXBuildFile; fileRef = 84517FBA1CD3BCD700F00B55 /* AddRestaurantController.swift */; };
		84A60C7D1CD107130030D398 /* RestaurantDetailViewController.swift in Sources */ = {isa = PBXBuildFile; fileRef = 84A60C7C1CD107130030D398 /* RestaurantDetailViewController.swift */; };
		84A60C7F1CD111DC0030D398 /* Restaurant.swift in Sources */ = {isa = PBXBuildFile; fileRef = 84A60C7E1CD111DC0030D398 /* Restaurant.swift */; };
		84A60C811CD11FF70030D398 /* RestaurantDetailTableViewCell.swift in Sources */ = {isa = PBXBuildFile; fileRef = 84A60C801CD11FF70030D398 /* RestaurantDetailTableViewCell.swift */; };
/* End PBXBuildFile section */

/* Begin PBXFileReference section */
		840D61401CD27D24005E0E44 /* ReviewViewController.swift */ = {isa = PBXFileReference; fileEncoding = 4; lastKnownFileType = sourcecode.swift; path = ReviewViewController.swift; sourceTree = "<group>"; };
		844D14A71CCE281000E06DDA /* FoodPin.app */ = {isa = PBXFileReference; explicitFileType = wrapper.application; includeInIndex = 0; path = FoodPin.app; sourceTree = BUILT_PRODUCTS_DIR; };
		844D14AA1CCE281000E06DDA /* AppDelegate.swift */ = {isa = PBXFileReference; lastKnownFileType = sourcecode.swift; path = AppDelegate.swift; sourceTree = "<group>"; };
		844D14AF1CCE281000E06DDA /* Base */ = {isa = PBXFileReference; lastKnownFileType = file.storyboard; name = Base; path = Base.lproj/Main.storyboard; sourceTree = "<group>"; };
		844D14B11CCE281000E06DDA /* Assets.xcassets */ = {isa = PBXFileReference; lastKnownFileType = folder.assetcatalog; path = Assets.xcassets; sourceTree = "<group>"; };
		844D14B41CCE281000E06DDA /* Base */ = {isa = PBXFileReference; lastKnownFileType = file.storyboard; name = Base; path = Base.lproj/LaunchScreen.storyboard; sourceTree = "<group>"; };
		844D14B61CCE281000E06DDA /* Info.plist */ = {isa = PBXFileReference; lastKnownFileType = text.plist.xml; path = Info.plist; sourceTree = "<group>"; };
		844D14BC1CCE3D1F00E06DDA /* RestaurantTableViewController.swift */ = {isa = PBXFileReference; fileEncoding = 4; lastKnownFileType = sourcecode.swift; path = RestaurantTableViewController.swift; sourceTree = "<group>"; };
		844D14BE1CCE50F200E06DDA /* RestaurantTableViewCell.swift */ = {isa = PBXFileReference; fileEncoding = 4; lastKnownFileType = sourcecode.swift; path = RestaurantTableViewCell.swift; sourceTree = "<group>"; };
		84517FB31CD3A55700F00B55 /* MapKit.framework */ = {isa = PBXFileReference; lastKnownFileType = wrapper.framework; name = MapKit.framework; path = System/Library/Frameworks/MapKit.framework; sourceTree = SDKROOT; };
		84517FB51CD3A95400F00B55 /* MapViewController.swift */ = {isa = PBXFileReference; fileEncoding = 4; lastKnownFileType = sourcecode.swift; path = MapViewController.swift; sourceTree = "<group>"; };
		84517FBA1CD3BCD700F00B55 /* AddRestaurantController.swift */ = {isa = PBXFileReference; fileEncoding = 4; lastKnownFileType = sourcecode.swift; path = AddRestaurantController.swift; sourceTree = "<group>"; };
		84A60C7C1CD107130030D398 /* RestaurantDetailViewController.swift */ = {isa = PBXFileReference; fileEncoding = 4; lastKnownFileType = sourcecode.swift; path = RestaurantDetailViewController.swift; sourceTree = "<group>"; };
		84A60C7E1CD111DC0030D398 /* Restaurant.swift */ = {isa = PBXFileReference; fileEncoding = 4; lastKnownFileType = sourcecode.swift; path = Restaurant.swift; sourceTree = "<group>"; };
		84A60C801CD11FF70030D398 /* RestaurantDetailTableViewCell.swift */ = {isa = PBXFileReference; fileEncoding = 4; lastKnownFileType = sourcecode.swift; path = RestaurantDetailTableViewCell.swift; sourceTree = "<group>"; };
/* End PBXFileReference section */

/* Begin PBXFrameworksBuildPhase section */
		844D14A41CCE281000E06DDA /* Frameworks */ = {
			isa = PBXFrameworksBuildPhase;
			buildActionMask = 2147483647;
			files = (
				84517FB41CD3A55700F00B55 /* MapKit.framework in Frameworks */,
			);
			runOnlyForDeploymentPostprocessing = 0;
		};
/* End PBXFrameworksBuildPhase section */

/* Begin PBXGroup section */
		844D149E1CCE280F00E06DDA = {
			isa = PBXGroup;
			children = (
				84517FB31CD3A55700F00B55 /* MapKit.framework */,
				844D14A91CCE281000E06DDA /* FoodPin */,
				844D14A81CCE281000E06DDA /* Products */,
			);
			sourceTree = "<group>";
		};
		844D14A81CCE281000E06DDA /* Products */ = {
			isa = PBXGroup;
			children = (
				844D14A71CCE281000E06DDA /* FoodPin.app */,
			);
			name = Products;
			sourceTree = "<group>";
		};
		844D14A91CCE281000E06DDA /* FoodPin */ = {
			isa = PBXGroup;
			children = (
				84517FB71CD3A9F800F00B55 /* Model */,
				84517FB81CD3AA0B00F00B55 /* View */,
				84517FB91CD3AA1500F00B55 /* Controller */,
				844D14AA1CCE281000E06DDA /* AppDelegate.swift */,
				844D14AE1CCE281000E06DDA /* Main.storyboard */,
				844D14B11CCE281000E06DDA /* Assets.xcassets */,
				844D14B31CCE281000E06DDA /* LaunchScreen.storyboard */,
				844D14B61CCE281000E06DDA /* Info.plist */,
			);
			path = FoodPin;
			sourceTree = "<group>";
		};
		84517FB71CD3A9F800F00B55 /* Model */ = {
			isa = PBXGroup;
			children = (
				84A60C7E1CD111DC0030D398 /* Restaurant.swift */,
			);
			name = Model;
			sourceTree = "<group>";
		};
		84517FB81CD3AA0B00F00B55 /* View */ = {
			isa = PBXGroup;
			children = (
				844D14BE1CCE50F200E06DDA /* RestaurantTableViewCell.swift */,
				84A60C801CD11FF70030D398 /* RestaurantDetailTableViewCell.swift */,
			);
			name = View;
			sourceTree = "<group>";
		};
		84517FB91CD3AA1500F00B55 /* Controller */ = {
			isa = PBXGroup;
			children = (
				844D14BC1CCE3D1F00E06DDA /* RestaurantTableViewController.swift */,
				84A60C7C1CD107130030D398 /* RestaurantDetailViewController.swift */,
				840D61401CD27D24005E0E44 /* ReviewViewController.swift */,
				84517FB51CD3A95400F00B55 /* MapViewController.swift */,
				84517FBA1CD3BCD700F00B55 /* AddRestaurantController.swift */,
			);
			name = Controller;
			sourceTree = "<group>";
		};
/* End PBXGroup section */

/* Begin PBXNativeTarget section */
		844D14A61CCE281000E06DDA /* FoodPin */ = {
			isa = PBXNativeTarget;
			buildConfigurationList = 844D14B91CCE281100E06DDA /* Build configuration list for PBXNativeTarget "FoodPin" */;
			buildPhases = (
				844D14A31CCE281000E06DDA /* Sources */,
				844D14A41CCE281000E06DDA /* Frameworks */,
				844D14A51CCE281000E06DDA /* Resources */,
			);
			buildRules = (
			);
			dependencies = (
			);
			name = FoodPin;
			productName = FoodPin;
			productReference = 844D14A71CCE281000E06DDA /* FoodPin.app */;
			productType = "com.apple.product-type.application";
		};
/* End PBXNativeTarget section */

/* Begin PBXProject section */
		844D149F1CCE280F00E06DDA /* Project object */ = {
			isa = PBXProject;
			attributes = {
				LastSwiftUpdateCheck = 0730;
				LastUpgradeCheck = 0730;
				ORGANIZATIONNAME = Sviridov;
				TargetAttributes = {
					844D14A61CCE281000E06DDA = {
						CreatedOnToolsVersion = 7.3;
						DevelopmentTeam = HQ84JSVT4N;
						SystemCapabilities = {
							com.apple.Maps.iOS = {
								enabled = 1;
							};
						};
					};
				};
			};
			buildConfigurationList = 844D14A21CCE280F00E06DDA /* Build configuration list for PBXProject "FoodPin" */;
			compatibilityVersion = "Xcode 3.2";
			developmentRegion = English;
			hasScannedForEncodings = 0;
			knownRegions = (
				en,
				Base,
			);
			mainGroup = 844D149E1CCE280F00E06DDA;
			productRefGroup = 844D14A81CCE281000E06DDA /* Products */;
			projectDirPath = "";
			projectRoot = "";
			targets = (
				844D14A61CCE281000E06DDA /* FoodPin */,
			);
		};
/* End PBXProject section */

/* Begin PBXResourcesBuildPhase section */
		844D14A51CCE281000E06DDA /* Resources */ = {
			isa = PBXResourcesBuildPhase;
			buildActionMask = 2147483647;
			files = (
				844D14B51CCE281000E06DDA /* LaunchScreen.storyboard in Resources */,
				844D14B21CCE281000E06DDA /* Assets.xcassets in Resources */,
				844D14B01CCE281000E06DDA /* Main.storyboard in Resources */,
			);
			runOnlyForDeploymentPostprocessing = 0;
		};
/* End PBXResourcesBuildPhase section */

/* Begin PBXSourcesBuildPhase section */
		844D14A31CCE281000E06DDA /* Sources */ = {
			isa = PBXSourcesBuildPhase;
			buildActionMask = 2147483647;
			files = (
				84517FBB1CD3BCD700F00B55 /* AddRestaurantController.swift in Sources */,
				84A60C7F1CD111DC0030D398 /* Restaurant.swift in Sources */,
				844D14AB1CCE281000E06DDA /* AppDelegate.swift in Sources */,
				840D61411CD27D25005E0E44 /* ReviewViewController.swift in Sources */,
				844D14BF1CCE50F200E06DDA /* RestaurantTableViewCell.swift in Sources */,
				84A60C811CD11FF70030D398 /* RestaurantDetailTableViewCell.swift in Sources */,
				84A60C7D1CD107130030D398 /* RestaurantDetailViewController.swift in Sources */,
				844D14BD1CCE3D1F00E06DDA /* RestaurantTableViewController.swift in Sources */,
				84517FB61CD3A95400F00B55 /* MapViewController.swift in Sources */,
			);
			runOnlyForDeploymentPostprocessing = 0;
		};
/* End PBXSourcesBuildPhase section */

/* Begin PBXVariantGroup section */
		844D14AE1CCE281000E06DDA /* Main.storyboard */ = {
			isa = PBXVariantGroup;
			children = (
				844D14AF1CCE281000E06DDA /* Base */,
			);
			name = Main.storyboard;
			sourceTree = "<group>";
		};
		844D14B31CCE281000E06DDA /* LaunchScreen.storyboard */ = {
			isa = PBXVariantGroup;
			children = (
				844D14B41CCE281000E06DDA /* Base */,
			);
			name = LaunchScreen.storyboard;
			sourceTree = "<group>";
		};
/* End PBXVariantGroup section */

/* Begin XCBuildConfiguration section */
		844D14B71CCE281000E06DDA /* Debug */ = {
			isa = XCBuildConfiguration;
			buildSettings = {
				ALWAYS_SEARCH_USER_PATHS = NO;
				CLANG_ANALYZER_NONNULL = YES;
				CLANG_CXX_LANGUAGE_STANDARD = "gnu++0x";
				CLANG_CXX_LIBRARY = "libc++";
				CLANG_ENABLE_MODULES = YES;
				CLANG_ENABLE_OBJC_ARC = YES;
				CLANG_WARN_BOOL_CONVERSION = YES;
				CLANG_WARN_CONSTANT_CONVERSION = YES;
				CLANG_WARN_DIRECT_OBJC_ISA_USAGE = YES_ERROR;
				CLANG_WARN_EMPTY_BODY = YES;
				CLANG_WARN_ENUM_CONVERSION = YES;
				CLANG_WARN_INT_CONVERSION = YES;
				CLANG_WARN_OBJC_ROOT_CLASS = YES_ERROR;
				CLANG_WARN_UNREACHABLE_CODE = YES;
				CLANG_WARN__DUPLICATE_METHOD_MATCH = YES;
				"CODE_SIGN_IDENTITY[sdk=iphoneos*]" = "iPhone Developer";
				COPY_PHASE_STRIP = NO;
				DEBUG_INFORMATION_FORMAT = dwarf;
				ENABLE_STRICT_OBJC_MSGSEND = YES;
				ENABLE_TESTABILITY = YES;
				GCC_C_LANGUAGE_STANDARD = gnu99;
				GCC_DYNAMIC_NO_PIC = NO;
				GCC_NO_COMMON_BLOCKS = YES;
				GCC_OPTIMIZATION_LEVEL = 0;
				GCC_PREPROCESSOR_DEFINITIONS = (
					"DEBUG=1",
					"$(inherited)",
				);
				GCC_WARN_64_TO_32_BIT_CONVERSION = YES;
				GCC_WARN_ABOUT_RETURN_TYPE = YES_ERROR;
				GCC_WARN_UNDECLARED_SELECTOR = YES;
				GCC_WARN_UNINITIALIZED_AUTOS = YES_AGGRESSIVE;
				GCC_WARN_UNUSED_FUNCTION = YES;
				GCC_WARN_UNUSED_VARIABLE = YES;
				IPHONEOS_DEPLOYMENT_TARGET = 9.3;
				MTL_ENABLE_DEBUG_INFO = YES;
				ONLY_ACTIVE_ARCH = YES;
				SDKROOT = iphoneos;
				SWIFT_OPTIMIZATION_LEVEL = "-Onone";
			};
			name = Debug;
		};
		844D14B81CCE281000E06DDA /* Release */ = {
			isa = XCBuildConfiguration;
			buildSettings = {
				ALWAYS_SEARCH_USER_PATHS = NO;
				CLANG_ANALYZER_NONNULL = YES;
				CLANG_CXX_LANGUAGE_STANDARD = "gnu++0x";
				CLANG_CXX_LIBRARY = "libc++";
				CLANG_ENABLE_MODULES = YES;
				CLANG_ENABLE_OBJC_ARC = YES;
				CLANG_WARN_BOOL_CONVERSION = YES;
				CLANG_WARN_CONSTANT_CONVERSION = YES;
				CLANG_WARN_DIRECT_OBJC_ISA_USAGE = YES_ERROR;
				CLANG_WARN_EMPTY_BODY = YES;
				CLANG_WARN_ENUM_CONVERSION = YES;
				CLANG_WARN_INT_CONVERSION = YES;
				CLANG_WARN_OBJC_ROOT_CLASS = YES_ERROR;
				CLANG_WARN_UNREACHABLE_CODE = YES;
				CLANG_WARN__DUPLICATE_METHOD_MATCH = YES;
				"CODE_SIGN_IDENTITY[sdk=iphoneos*]" = "iPhone Developer";
				COPY_PHASE_STRIP = NO;
				DEBUG_INFORMATION_FORMAT = "dwarf-with-dsym";
				ENABLE_NS_ASSERTIONS = NO;
				ENABLE_STRICT_OBJC_MSGSEND = YES;
				GCC_C_LANGUAGE_STANDARD = gnu99;
				GCC_NO_COMMON_BLOCKS = YES;
				GCC_WARN_64_TO_32_BIT_CONVERSION = YES;
				GCC_WARN_ABOUT_RETURN_TYPE = YES_ERROR;
				GCC_WARN_UNDECLARED_SELECTOR = YES;
				GCC_WARN_UNINITIALIZED_AUTOS = YES_AGGRESSIVE;
				GCC_WARN_UNUSED_FUNCTION = YES;
				GCC_WARN_UNUSED_VARIABLE = YES;
				IPHONEOS_DEPLOYMENT_TARGET = 9.3;
				MTL_ENABLE_DEBUG_INFO = NO;
				SDKROOT = iphoneos;
				VALIDATE_PRODUCT = YES;
			};
			name = Release;
		};
		844D14BA1CCE281100E06DDA /* Debug */ = {
			isa = XCBuildConfiguration;
			buildSettings = {
				ASSETCATALOG_COMPILER_APPICON_NAME = AppIcon;
				CODE_SIGN_IDENTITY = "iPhone Developer";
				"CODE_SIGN_IDENTITY[sdk=iphoneos*]" = "iPhone Developer";
				INFOPLIST_FILE = FoodPin/Info.plist;
				LD_RUNPATH_SEARCH_PATHS = "$(inherited) @executable_path/Frameworks";
				PRODUCT_BUNDLE_IDENTIFIER = Sviridov.FoodPin;
				PRODUCT_NAME = "$(TARGET_NAME)";
				PROVISIONING_PROFILE = "";
				TARGETED_DEVICE_FAMILY = "1,2";
			};
			name = Debug;
		};
		844D14BB1CCE281100E06DDA /* Release */ = {
			isa = XCBuildConfiguration;
			buildSettings = {
				ASSETCATALOG_COMPILER_APPICON_NAME = AppIcon;
				CODE_SIGN_IDENTITY = "iPhone Developer";
				"CODE_SIGN_IDENTITY[sdk=iphoneos*]" = "iPhone Developer";
				INFOPLIST_FILE = FoodPin/Info.plist;
				LD_RUNPATH_SEARCH_PATHS = "$(inherited) @executable_path/Frameworks";
				PRODUCT_BUNDLE_IDENTIFIER = Sviridov.FoodPin;
				PRODUCT_NAME = "$(TARGET_NAME)";
				PROVISIONING_PROFILE = "";
				TARGETED_DEVICE_FAMILY = "1,2";
			};
			name = Release;
		};
/* End XCBuildConfiguration section */

/* Begin XCConfigurationList section */
		844D14A21CCE280F00E06DDA /* Build configuration list for PBXProject "FoodPin" */ = {
			isa = XCConfigurationList;
			buildConfigurations = (
				844D14B71CCE281000E06DDA /* Debug */,
				844D14B81CCE281000E06DDA /* Release */,
			);
			defaultConfigurationIsVisible = 0;
			defaultConfigurationName = Release;
		};
		844D14B91CCE281100E06DDA /* Build configuration list for PBXNativeTarget "FoodPin" */ = {
			isa = XCConfigurationList;
			buildConfigurations = (
				844D14BA1CCE281100E06DDA /* Debug */,
				844D14BB1CCE281100E06DDA /* Release */,
			);
			defaultConfigurationIsVisible = 0;
			defaultConfigurationName = Release;
		};
/* End XCConfigurationList section */
	};
	rootObject = 844D149F1CCE280F00E06DDA /* Project object */;
}
